<?xml version="1.0" encoding="UTF-8"?>
<CONFIG>
  <ProjectOptions>
    <Version Value="10"/>
    <General>
      <SessionStorage Value="InProjectDir"/>
      <MainUnit Value="0"/>
      <Title Value="Analisador_Lotofacil"/>
      <Scaled Value="True"/>
      <ResourceType Value="res"/>
      <UseXPManifest Value="True"/>
      <Icon Value="0"/>
    </General>
    <i18n>
      <EnableI18N LFM="False"/>
    </i18n>
    <BuildModes Count="1">
      <Item1 Name="Default" Default="True"/>
    </BuildModes>
    <PublishOptions>
      <Version Value="2"/>
    </PublishOptions>
    <RunParams>
      <local>
        <FormatVersion Value="1"/>
      </local>
    </RunParams>
    <RequiredPackages Count="7">
      <Item1>
        <PackageName Value="zcomponent"/>
      </Item1>
      <Item2>
        <PackageName Value="lr_zeosdb"/>
      </Item2>
      <Item3>
        <PackageName Value="indylaz"/>
      </Item3>
      <Item4>
        <PackageName Value="DateTimeCtrls"/>
      </Item4>
      <Item5>
        <PackageName Value="FCL"/>
      </Item5>
      <Item6>
        <PackageName Value="SQLDBLaz"/>
      </Item6>
      <Item7>
        <PackageName Value="LCL"/>
      </Item7>
    </RequiredPackages>
    <Units Count="30">
      <Unit0>
        <Filename Value="Analisador_Lotofacil.lpr"/>
        <IsPartOfProject Value="True"/>
      </Unit0>
      <Unit1>
        <Filename Value="ulotofacilmain.pas"/>
        <IsPartOfProject Value="True"/>
        <ComponentName Value="Form1"/>
        <HasResources Value="True"/>
        <ResourceBaseClass Value="Form"/>
        <UnitName Value="uLotofacilMain"/>
      </Unit1>
      <Unit2>
        <Filename Value="ulotofacilmodulo.pas"/>
        <IsPartOfProject Value="True"/>
        <ComponentName Value="dmLotofacil"/>
        <HasResources Value="True"/>
        <ResourceBaseClass Value="DataModule"/>
        <UnitName Value="uLotofacilModulo"/>
      </Unit2>
      <Unit3>
        <Filename Value="../ltk/lotofacil_analise.lfm"/>
        <IsPartOfProject Value="True"/>
      </Unit3>
      <Unit4>
        <Filename Value="../ltk/lotofacil_analise.pas"/>
        <IsPartOfProject Value="True"/>
        <ComponentName Value="frmLotofacilAnalise"/>
        <HasResources Value="True"/>
        <ResourceBaseClass Value="Form"/>
      </Unit4>
      <Unit5>
        <Filename Value="ulotofacilseletor.pas"/>
        <IsPartOfProject Value="True"/>
        <ComponentName Value="LotofacilSeletor"/>
        <HasResources Value="True"/>
        <ResourceBaseClass Value="Frame"/>
        <UnitName Value="uLotofacilSeletor"/>
      </Unit5>
      <Unit6>
        <Filename Value="ugeradoraleatorio.pas"/>
        <IsPartOfProject Value="True"/>
        <UnitName Value="uGeradorAleatorio"/>
      </Unit6>
      <Unit7>
        <Filename Value="uhtml_tokenizador.pas"/>
        <IsPartOfProject Value="True"/>
        <UnitName Value="uHtml_Tokenizador"/>
      </Unit7>
      <Unit8>
        <Filename Value="uhtml_parser.pas"/>
        <IsPartOfProject Value="True"/>
        <UnitName Value="uHtml_Parser"/>
      </Unit8>
      <Unit9>
        <Filename Value="ulotofacil_gerador_id.pas"/>
        <IsPartOfProject Value="True"/>
        <UnitName Value="uLotofacil_Gerador_id"/>
      </Unit9>
      <Unit10>
        <Filename Value="ulotofacil_bolas_arquivo.pas"/>
        <IsPartOfProject Value="True"/>
      </Unit10>
      <Unit11>
        <Filename Value="ulotofacilnovosrepetidos.pas"/>
        <IsPartOfProject Value="True"/>
        <UnitName Value="uLotofacilNovosRepetidos"/>
      </Unit11>
      <Unit12>
        <Filename Value="ulotofacilparimpar.pas"/>
        <IsPartOfProject Value="True"/>
        <UnitName Value="uLotofacilParImpar"/>
      </Unit12>
      <Unit13>
        <Filename Value="ulotofacilexternointerno.pas"/>
        <IsPartOfProject Value="True"/>
        <UnitName Value="ulotofacilExternoInterno"/>
      </Unit13>
      <Unit14>
        <Filename Value="ulotofacilprimonaoprimo.pas"/>
        <IsPartOfProject Value="True"/>
        <UnitName Value="uLotofacilPrimoNaoPrimo"/>
      </Unit14>
      <Unit15>
        <Filename Value="ulotofacil_colunas_b.pas"/>
        <IsPartOfProject Value="True"/>
        <UnitName Value="uLotofacil_Colunas_B"/>
      </Unit15>
      <Unit16>
        <Filename Value="ulotofacil_diferenca_entre_bolas.pas"/>
        <IsPartOfProject Value="True"/>
      </Unit16>
      <Unit17>
        <Filename Value="ulotofacil_grupos.pas"/>
        <IsPartOfProject Value="True"/>
      </Unit17>
      <Unit18>
        <Filename Value="ulotofacil_funcoes_uteis.pas"/>
        <IsPartOfProject Value="True"/>
      </Unit18>
      <Unit19>
        <Filename Value="ulotofacil_algarismo_nas_dezenas.pas"/>
        <IsPartOfProject Value="True"/>
      </Unit19>
      <Unit20>
        <Filename Value="ulotofacilsomafrequencia.pas"/>
        <IsPartOfProject Value="True"/>
        <UnitName Value="uLotofacilSomaFrequencia"/>
      </Unit20>
      <Unit21>
        <Filename Value="README.md"/>
        <IsPartOfProject Value="True"/>
      </Unit21>
      <Unit22>
        <Filename Value="ulotofacil_bolas_na_mesma_coluna.pas"/>
        <IsPartOfProject Value="True"/>
      </Unit22>
      <Unit23>
        <Filename Value="ulotofacil_b1_a_b15.pas"/>
        <IsPartOfProject Value="True"/>
      </Unit23>
      <Unit24>
        <Filename Value="ulotofacil_concursos.pas"/>
        <IsPartOfProject Value="True"/>
      </Unit24>
      <Unit25>
        <Filename Value="lotofacil_constantes.pas"/>
        <IsPartOfProject Value="True"/>
      </Unit25>
      <Unit26>
        <Filename Value="lotofacil_filtros.pas"/>
        <IsPartOfProject Value="True"/>
      </Unit26>
      <Unit27>
        <Filename Value="lotofacil_var_global.pas"/>
        <IsPartOfProject Value="True"/>
      </Unit27>
      <Unit28>
        <Filename Value="lotofacil_gerar_filtros.pas"/>
        <IsPartOfProject Value="True"/>
      </Unit28>
      <Unit29>
        <Filename Value="lotofacil_concursos.pas"/>
        <IsPartOfProject Value="True"/>
      </Unit29>
    </Units>
  </ProjectOptions>
  <CompilerOptions>
    <Version Value="11"/>
    <Target>
      <Filename Value="Analisador_Lotofacil"/>
    </Target>
    <SearchPaths>
      <IncludeFiles Value="$(ProjOutDir)"/>
      <UnitOutputDirectory Value="lib/$(TargetCPU)-$(TargetOS)"/>
    </SearchPaths>
    <Linking>
      <Options>
        <Win32>
          <GraphicApplication Value="True"/>
        </Win32>
      </Options>
    </Linking>
  </CompilerOptions>
  <Debugging>
    <Exceptions Count="3">
      <Item1>
        <Name Value="EAbort"/>
      </Item1>
      <Item2>
        <Name Value="ECodetoolError"/>
      </Item2>
      <Item3>
        <Name Value="EFOpenError"/>
      </Item3>
    </Exceptions>
  </Debugging>
</CONFIG>
